// !$*UTF8*$!
{
	archiveVersion = 1;
	classes = {
	};
	objectVersion = 46;
	objects = {

/* Begin PBXBuildFile section */
		33938F3B1DF201DE008BF3CE /* AppDelegate.swift in Sources */ = {isa = PBXBuildFile; fileRef = 33938F3A1DF201DE008BF3CE /* AppDelegate.swift */; };
		33938F3D1DF201DE008BF3CE /* ViewController.swift in Sources */ = {isa = PBXBuildFile; fileRef = 33938F3C1DF201DE008BF3CE /* ViewController.swift */; };
		33938F401DF201DE008BF3CE /* Main.storyboard in Resources */ = {isa = PBXBuildFile; fileRef = 33938F3E1DF201DE008BF3CE /* Main.storyboard */; };
		33938F421DF201DE008BF3CE /* Assets.xcassets in Resources */ = {isa = PBXBuildFile; fileRef = 33938F411DF201DE008BF3CE /* Assets.xcassets */; };
		33938F451DF201DE008BF3CE /* LaunchScreen.storyboard in Resources */ = {isa = PBXBuildFile; fileRef = 33938F431DF201DE008BF3CE /* LaunchScreen.storyboard */; };
		33938F501DF201DE008BF3CE /* SampleAppTests.swift in Sources */ = {isa = PBXBuildFile; fileRef = 33938F4F1DF201DE008BF3CE /* SampleAppTests.swift */; };
/* End PBXBuildFile section */

/* Begin PBXContainerItemProxy section */
		33938F4C1DF201DE008BF3CE /* PBXContainerItemProxy */ = {
			isa = PBXContainerItemProxy;
			containerPortal = 33938F2F1DF201DE008BF3CE /* Project object */;
			proxyType = 1;
			remoteGlobalIDString = 33938F361DF201DE008BF3CE;
			remoteInfo = SampleApp;
		};
/* End PBXContainerItemProxy section */

/* Begin PBXFileReference section */
		33938F371DF201DE008BF3CE /* SampleApp.app */ = {isa = PBXFileReference; explicitFileType = wrapper.application; includeInIndex = 0; path = SampleApp.app; sourceTree = BUILT_PRODUCTS_DIR; };
		33938F3A1DF201DE008BF3CE /* AppDelegate.swift */ = {isa = PBXFileReference; lastKnownFileType = sourcecode.swift; path = AppDelegate.swift; sourceTree = "<group>"; };
		33938F3C1DF201DE008BF3CE /* ViewController.swift */ = {isa = PBXFileReference; lastKnownFileType = sourcecode.swift; path = ViewController.swift; sourceTree = "<group>"; };
		33938F3F1DF201DE008BF3CE /* Base */ = {isa = PBXFileReference; lastKnownFileType = file.storyboard; name = Base; path = Base.lproj/Main.storyboard; sourceTree = "<group>"; };
		33938F411DF201DE008BF3CE /* Assets.xcassets */ = {isa = PBXFileReference; lastKnownFileType = folder.assetcatalog; path = Assets.xcassets; sourceTree = "<group>"; };
		33938F441DF201DE008BF3CE /* Base */ = {isa = PBXFileReference; lastKnownFileType = file.storyboard; name = Base; path = Base.lproj/LaunchScreen.storyboard; sourceTree = "<group>"; };
		33938F461DF201DE008BF3CE /* Info.plist */ = {isa = PBXFileReference; lastKnownFileType = text.plist.xml; path = Info.plist; sourceTree = "<group>"; };
		33938F4B1DF201DE008BF3CE /* SampleAppTests.xctest */ = {isa = PBXFileReference; explicitFileType = wrapper.cfbundle; includeInIndex = 0; path = SampleAppTests.xctest; sourceTree = BUILT_PRODUCTS_DIR; };
		33938F4F1DF201DE008BF3CE /* SampleAppTests.swift */ = {isa = PBXFileReference; lastKnownFileType = sourcecode.swift; path = SampleAppTests.swift; sourceTree = "<group>"; };
		33938F511DF201DE008BF3CE /* Info.plist */ = {isa = PBXFileReference; lastKnownFileType = text.plist.xml; path = Info.plist; sourceTree = "<group>"; };
/* End PBXFileReference section */

/* Begin PBXFrameworksBuildPhase section */
		33938F341DF201DE008BF3CE /* Frameworks */ = {
			isa = PBXFrameworksBuildPhase;
			buildActionMask = 2147483647;
			files = (
			);
			runOnlyForDeploymentPostprocessing = 0;
		};
		33938F481DF201DE008BF3CE /* Frameworks */ = {
			isa = PBXFrameworksBuildPhase;
			buildActionMask = 2147483647;
			files = (
			);
			runOnlyForDeploymentPostprocessing = 0;
		};
/* End PBXFrameworksBuildPhase section */

/* Begin PBXGroup section */
		33938F2E1DF201DE008BF3CE = {
			isa = PBXGroup;
			children = (
				33938F391DF201DE008BF3CE /* SampleApp */,
				33938F4E1DF201DE008BF3CE /* SampleAppTests */,
				33938F381DF201DE008BF3CE /* Products */,
			);
			sourceTree = "<group>";
		};
		33938F381DF201DE008BF3CE /* Products */ = {
			isa = PBXGroup;
			children = (
				33938F371DF201DE008BF3CE /* SampleApp.app */,
				33938F4B1DF201DE008BF3CE /* SampleAppTests.xctest */,
			);
			name = Products;
			sourceTree = "<group>";
		};
		33938F391DF201DE008BF3CE /* SampleApp */ = {
			isa = PBXGroup;
			children = (
				33938F3A1DF201DE008BF3CE /* AppDelegate.swift */,
				33938F3C1DF201DE008BF3CE /* ViewController.swift */,
				33938F3E1DF201DE008BF3CE /* Main.storyboard */,
				33938F411DF201DE008BF3CE /* Assets.xcassets */,
				33938F431DF201DE008BF3CE /* LaunchScreen.storyboard */,
				33938F461DF201DE008BF3CE /* Info.plist */,
			);
			path = SampleApp;
			sourceTree = "<group>";
		};
		33938F4E1DF201DE008BF3CE /* SampleAppTests */ = {
			isa = PBXGroup;
			children = (
				33938F4F1DF201DE008BF3CE /* SampleAppTests.swift */,
				33938F511DF201DE008BF3CE /* Info.plist */,
			);
			path = SampleAppTests;
			sourceTree = "<group>";
		};
/* End PBXGroup section */

/* Begin PBXNativeTarget section */
		33938F361DF201DE008BF3CE /* SampleApp */ = {
			isa = PBXNativeTarget;
			buildConfigurationList = 33938F541DF201DE008BF3CE /* Build configuration list for PBXNativeTarget "SampleApp" */;
			buildPhases = (
				33938F331DF201DE008BF3CE /* Sources */,
				33938F341DF201DE008BF3CE /* Frameworks */,
				33938F351DF201DE008BF3CE /* Resources */,
			);
			buildRules = (
			);
			dependencies = (
			);
			name = SampleApp;
			productName = SampleApp;
			productReference = 33938F371DF201DE008BF3CE /* SampleApp.app */;
			productType = "com.apple.product-type.application";
		};
		33938F4A1DF201DE008BF3CE /* SampleAppTests */ = {
			isa = PBXNativeTarget;
			buildConfigurationList = 33938F571DF201DE008BF3CE /* Build configuration list for PBXNativeTarget "SampleAppTests" */;
			buildPhases = (
				33938F471DF201DE008BF3CE /* Sources */,
				33938F481DF201DE008BF3CE /* Frameworks */,
				33938F491DF201DE008BF3CE /* Resources */,
			);
			buildRules = (
			);
			dependencies = (
				33938F4D1DF201DE008BF3CE /* PBXTargetDependency */,
			);
			name = SampleAppTests;
			productName = SampleAppTests;
			productReference = 33938F4B1DF201DE008BF3CE /* SampleAppTests.xctest */;
			productType = "com.apple.product-type.bundle.unit-test";
		};
/* End PBXNativeTarget section */

/* Begin PBXProject section */
		33938F2F1DF201DE008BF3CE /* Project object */ = {
			isa = PBXProject;
			attributes = {
				LastSwiftUpdateCheck = 0800;
				LastUpgradeCheck = 0800;
				ORGANIZATIONNAME = "Anjali Ahuja";
				TargetAttributes = {
					33938F361DF201DE008BF3CE = {
						CreatedOnToolsVersion = 8.0;
						ProvisioningStyle = Automatic;
					};
					33938F4A1DF201DE008BF3CE = {
						CreatedOnToolsVersion = 8.0;
						ProvisioningStyle = Automatic;
						TestTargetID = 33938F361DF201DE008BF3CE;
					};
				};
			};
			buildConfigurationList = 33938F321DF201DE008BF3CE /* Build configuration list for PBXProject "SampleApp" */;
			compatibilityVersion = "Xcode 3.2";
			developmentRegion = English;
			hasScannedForEncodings = 0;
			knownRegions = (
				en,
				Base,
			);
			mainGroup = 33938F2E1DF201DE008BF3CE;
			productRefGroup = 33938F381DF201DE008BF3CE /* Products */;
			projectDirPath = "";
			projectRoot = "";
			targets = (
				33938F361DF201DE008BF3CE /* SampleApp */,
				33938F4A1DF201DE008BF3CE /* SampleAppTests */,
			);
		};
/* End PBXProject section */

/* Begin PBXResourcesBuildPhase section */
		33938F351DF201DE008BF3CE /* Resources */ = {
			isa = PBXResourcesBuildPhase;
			buildActionMask = 2147483647;
			files = (
				33938F451DF201DE008BF3CE /* LaunchScreen.storyboard in Resources */,
				33938F421DF201DE008BF3CE /* Assets.xcassets in Resources */,
				33938F401DF201DE008BF3CE /* Main.storyboard in Resources */,
			);
			runOnlyForDeploymentPostprocessing = 0;
		};
		33938F491DF201DE008BF3CE /* Resources */ = {
			isa = PBXResourcesBuildPhase;
			buildActionMask = 2147483647;
			files = (
			);
			runOnlyForDeploymentPostprocessing = 0;
		};
/* End PBXResourcesBuildPhase section */

/* Begin PBXSourcesBuildPhase section */
		33938F331DF201DE008BF3CE /* Sources */ = {
			isa = PBXSourcesBuildPhase;
			buildActionMask = 2147483647;
			files = (
				33938F3D1DF201DE008BF3CE /* ViewController.swift in Sources */,
				33938F3B1DF201DE008BF3CE /* AppDelegate.swift in Sources */,
			);
			runOnlyForDeploymentPostprocessing = 0;
		};
		33938F471DF201DE008BF3CE /* Sources */ = {
			isa = PBXSourcesBuildPhase;
			buildActionMask = 2147483647;
			files = (
				33938F501DF201DE008BF3CE /* SampleAppTests.swift in Sources */,
			);
			runOnlyForDeploymentPostprocessing = 0;
		};
/* End PBXSourcesBuildPhase section */

/* Begin PBXTargetDependency section */
		33938F4D1DF201DE008BF3CE /* PBXTargetDependency */ = {
			isa = PBXTargetDependency;
			target = 33938F361DF201DE008BF3CE /* SampleApp */;
			targetProxy = 33938F4C1DF201DE008BF3CE /* PBXContainerItemProxy */;
		};
/* End PBXTargetDependency section */

/* Begin PBXVariantGroup section */
		33938F3E1DF201DE008BF3CE /* Main.storyboard */ = {
			isa = PBXVariantGroup;
			children = (
				33938F3F1DF201DE008BF3CE /* Base */,
			);
			name = Main.storyboard;
			sourceTree = "<group>";
		};
		33938F431DF201DE008BF3CE /* LaunchScreen.storyboard */ = {
			isa = PBXVariantGroup;
			children = (
				33938F441DF201DE008BF3CE /* Base */,
			);
			name = LaunchScreen.storyboard;
			sourceTree = "<group>";
		};
/* End PBXVariantGroup section */

/* Begin XCBuildConfiguration section */
		33938F521DF201DE008BF3CE /* Debug */ = {
			isa = XCBuildConfiguration;
			buildSettings = {
				ALWAYS_SEARCH_USER_PATHS = NO;
				CLANG_ANALYZER_NONNULL = YES;
				CLANG_CXX_LANGUAGE_STANDARD = "gnu++0x";
				CLANG_CXX_LIBRARY = "libc++";
				CLANG_ENABLE_MODULES = YES;
				CLANG_ENABLE_OBJC_ARC = YES;
				CLANG_WARN_BOOL_CONVERSION = YES;
				CLANG_WARN_CONSTANT_CONVERSION = YES;
				CLANG_WARN_DIRECT_OBJC_ISA_USAGE = YES_ERROR;
				CLANG_WARN_DOCUMENTATION_COMMENTS = YES;
				CLANG_WARN_EMPTY_BODY = YES;
				CLANG_WARN_ENUM_CONVERSION = YES;
				CLANG_WARN_INFINITE_RECURSION = YES;
				CLANG_WARN_INT_CONVERSION = YES;
				CLANG_WARN_OBJC_ROOT_CLASS = YES_ERROR;
				CLANG_WARN_SUSPICIOUS_MOVES = YES;
				CLANG_WARN_UNREACHABLE_CODE = YES;
				CLANG_WARN__DUPLICATE_METHOD_MATCH = YES;
				"CODE_SIGN_IDENTITY[sdk=iphoneos*]" = "iPhone Developer";
				COPY_PHASE_STRIP = NO;
				DEBUG_INFORMATION_FORMAT = dwarf;
				ENABLE_STRICT_OBJC_MSGSEND = YES;
				ENABLE_TESTABILITY = YES;
				GCC_C_LANGUAGE_STANDARD = gnu99;
				GCC_DYNAMIC_NO_PIC = NO;
				GCC_NO_COMMON_BLOCKS = YES;
				GCC_OPTIMIZATION_LEVEL = 0;
				GCC_PREPROCESSOR_DEFINITIONS = (
					"DEBUG=1",
					"$(inherited)",
				);
				GCC_WARN_64_TO_32_BIT_CONVERSION = YES;
				GCC_WARN_ABOUT_RETURN_TYPE = YES_ERROR;
				GCC_WARN_UNDECLARED_SELECTOR = YES;
				GCC_WARN_UNINITIALIZED_AUTOS = YES_AGGRESSIVE;
				GCC_WARN_UNUSED_FUNCTION = YES;
				GCC_WARN_UNUSED_VARIABLE = YES;
				IPHONEOS_DEPLOYMENT_TARGET = 10.0;
				MTL_ENABLE_DEBUG_INFO = YES;
				ONLY_ACTIVE_ARCH = YES;
				SDKROOT = iphoneos;
				SWIFT_ACTIVE_COMPILATION_CONDITIONS = DEBUG;
				SWIFT_OPTIMIZATION_LEVEL = "-Onone";
				TARGETED_DEVICE_FAMILY = "1,2";
			};
			name = Debug;
		};
		33938F531DF201DE008BF3CE /* Release */ = {
			isa = XCBuildConfiguration;
			buildSettings = {
				ALWAYS_SEARCH_USER_PATHS = NO;
				CLANG_ANALYZER_NONNULL = YES;
				CLANG_CXX_LANGUAGE_STANDARD = "gnu++0x";
				CLANG_CXX_LIBRARY = "libc++";
				CLANG_ENABLE_MODULES = YES;
				CLANG_ENABLE_OBJC_ARC = YES;
				CLANG_WARN_BOOL_CONVERSION = YES;
				CLANG_WARN_CONSTANT_CONVERSION = YES;
				CLANG_WARN_DIRECT_OBJC_ISA_USAGE = YES_ERROR;
				CLANG_WARN_DOCUMENTATION_COMMENTS = YES;
				CLANG_WARN_EMPTY_BODY = YES;
				CLANG_WARN_ENUM_CONVERSION = YES;
				CLANG_WARN_INFINITE_RECURSION = YES;
				CLANG_WARN_INT_CONVERSION = YES;
				CLANG_WARN_OBJC_ROOT_CLASS = YES_ERROR;
				CLANG_WARN_SUSPICIOUS_MOVES = YES;
				CLANG_WARN_UNREACHABLE_CODE = YES;
				CLANG_WARN__DUPLICATE_METHOD_MATCH = YES;
				"CODE_SIGN_IDENTITY[sdk=iphoneos*]" = "iPhone Developer";
				COPY_PHASE_STRIP = NO;
				DEBUG_INFORMATION_FORMAT = "dwarf-with-dsym";
				ENABLE_NS_ASSERTIONS = NO;
				ENABLE_STRICT_OBJC_MSGSEND = YES;
				GCC_C_LANGUAGE_STANDARD = gnu99;
				GCC_NO_COMMON_BLOCKS = YES;
				GCC_WARN_64_TO_32_BIT_CONVERSION = YES;
				GCC_WARN_ABOUT_RETURN_TYPE = YES_ERROR;
				GCC_WARN_UNDECLARED_SELECTOR = YES;
				GCC_WARN_UNINITIALIZED_AUTOS = YES_AGGRESSIVE;
				GCC_WARN_UNUSED_FUNCTION = YES;
				GCC_WARN_UNUSED_VARIABLE = YES;
				IPHONEOS_DEPLOYMENT_TARGET = 10.0;
				MTL_ENABLE_DEBUG_INFO = NO;
				SDKROOT = iphoneos;
				SWIFT_OPTIMIZATION_LEVEL = "-Owholemodule";
				TARGETED_DEVICE_FAMILY = "1,2";
				VALIDATE_PRODUCT = YES;
			};
			name = Release;
		};
		33938F551DF201DE008BF3CE /* Debug */ = {
			isa = XCBuildConfiguration;
			buildSettings = {
				ASSETCATALOG_COMPILER_APPICON_NAME = AppIcon;
				INFOPLIST_FILE = SampleApp/Info.plist;
				LD_RUNPATH_SEARCH_PATHS = "$(inherited) @executable_path/Frameworks";
				PRODUCT_BUNDLE_IDENTIFIER = salesf.SampleApp;
				PRODUCT_NAME = "$(TARGET_NAME)";
				SWIFT_VERSION = 3.0;
			};
			name = Debug;
		};
		33938F561DF201DE008BF3CE /* Release */ = {
			isa = XCBuildConfiguration;
			buildSettings = {
				ASSETCATALOG_COMPILER_APPICON_NAME = AppIcon;
				INFOPLIST_FILE = SampleApp/Info.plist;
				LD_RUNPATH_SEARCH_PATHS = "$(inherited) @executable_path/Frameworks";
				PRODUCT_BUNDLE_IDENTIFIER = salesf.SampleApp;
				PRODUCT_NAME = "$(TARGET_NAME)";
				SWIFT_VERSION = 3.0;
			};
			name = Release;
		};
		33938F581DF201DE008BF3CE /* Debug */ = {
			isa = XCBuildConfiguration;
			buildSettings = {
				ALWAYS_EMBED_SWIFT_STANDARD_LIBRARIES = YES;
				BUNDLE_LOADER = "$(TEST_HOST)";
				INFOPLIST_FILE = SampleAppTests/Info.plist;
				LD_RUNPATH_SEARCH_PATHS = "$(inherited) @executable_path/Frameworks @loader_path/Frameworks";
				PRODUCT_BUNDLE_IDENTIFIER = salesf.SampleAppTests;
				PRODUCT_NAME = "$(TARGET_NAME)";
				SWIFT_VERSION = 3.0;
				TEST_HOST = "$(BUILT_PRODUCTS_DIR)/SampleApp.app/SampleApp";
			};
			name = Debug;
		};
		33938F591DF201DE008BF3CE /* Release */ = {
			isa = XCBuildConfiguration;
			buildSettings = {
				ALWAYS_EMBED_SWIFT_STANDARD_LIBRARIES = YES;
				BUNDLE_LOADER = "$(TEST_HOST)";
				INFOPLIST_FILE = SampleAppTests/Info.plist;
				LD_RUNPATH_SEARCH_PATHS = "$(inherited) @executable_path/Frameworks @loader_path/Frameworks";
				PRODUCT_BUNDLE_IDENTIFIER = salesf.SampleAppTests;
				PRODUCT_NAME = "$(TARGET_NAME)";
				SWIFT_VERSION = 3.0;
				TEST_HOST = "$(BUILT_PRODUCTS_DIR)/SampleApp.app/SampleApp";
			};
			name = Release;
		};
/* End XCBuildConfiguration section */

/* Begin XCConfigurationList section */
		33938F321DF201DE008BF3CE /* Build configuration list for PBXProject "SampleApp" */ = {
			isa = XCConfigurationList;
			buildConfigurations = (
				33938F521DF201DE008BF3CE /* Debug */,
				33938F531DF201DE008BF3CE /* Release */,
			);
			defaultConfigurationIsVisible = 0;
			defaultConfigurationName = Release;
		};
		33938F541DF201DE008BF3CE /* Build configuration list for PBXNativeTarget "SampleApp" */ = {
			isa = XCConfigurationList;
			buildConfigurations = (
				33938F551DF201DE008BF3CE /* Debug */,
				33938F561DF201DE008BF3CE /* Release */,
			);
			defaultConfigurationIsVisible = 0;
		};
		33938F571DF201DE008BF3CE /* Build configuration list for PBXNativeTarget "SampleAppTests" */ = {
			isa = XCConfigurationList;
			buildConfigurations = (
				33938F581DF201DE008BF3CE /* Debug */,
				33938F591DF201DE008BF3CE /* Release */,
			);
			defaultConfigurationIsVisible = 0;
		};
/* End XCConfigurationList section */
	};
	rootObject = 33938F2F1DF201DE008BF3CE /* Project object */;
}
